
Microsoft Visual Studio Solution File, Format Version 12.00
# Visual Studio Version 16
VisualStudioVersion = 16.0.31729.503
MinimumVisualStudioVersion = 10.0.40219.1
Project("{FAE04EC0-301F-11D3-BF4B-00C04F79EFBC}") = "FabricaElToro", "FabricaElToro\FabricaElToro.csproj", "{3B3D84EF-436F-43C1-BCB2-1E03455EA30B}"
EndProject
Global
	GlobalSection(SolutionConfigurationPlatforms) = preSolution
		Debug|Any CPU = Debug|Any CPU
		Release|Any CPU = Release|Any CPU
	EndGlobalSection
	GlobalSection(ProjectConfigurationPlatforms) = postSolution
		{3B3D84EF-436F-43C1-BCB2-1E03455EA30B}.Debug|Any CPU.ActiveCfg = Debug|Any CPU
		{3B3D84EF-436F-43C1-BCB2-1E03455EA30B}.Debug|Any CPU.Build.0 = Debug|Any CPU
		{3B3D84EF-436F-43C1-BCB2-1E03455EA30B}.Release|Any CPU.ActiveCfg = Release|Any CPU
		{3B3D84EF-436F-43C1-BCB2-1E03455EA30B}.Release|Any CPU.Build.0 = Release|Any CPU
	EndGlobalSection
	GlobalSection(SolutionProperties) = preSolution
		HideSolutionNode = FALSE
	EndGlobalSection
	GlobalSection(ExtensibilityGlobals) = postSolution
		SolutionGuid = {522CC24B-5365-4DEF-B67C-FC86214737ED}
	EndGlobalSection
EndGlobal
